
Microsoft Visual Studio Solution File, Format Version 12.00
# Visual Studio Version 17
VisualStudioVersion = 17.7.34031.279
MinimumVisualStudioVersion = 10.0.40219.1
Project("{9A19103F-16F7-4668-BE54-9A1E7A4F7556}") = "NswagDemo", "NswagDemo\NswagDemo.csproj", "{231A6F47-ECE7-47F7-9206-0F7A7D61954A}"
EndProject
Project("{9A19103F-16F7-4668-BE54-9A1E7A4F7556}") = "NswagDemo.Interface", "NswagDemo.Interface\NswagDemo.Interface.csproj", "{230BDBF4-CA16-4292-AA48-18BEA7216A0B}"
EndProject
Project("{9A19103F-16F7-4668-BE54-9A1E7A4F7556}") = "NswagDemo.Repository", "NswagDemo.Repository\NswagDemo.Repository.csproj", "{7DC93C56-2E56-4E35-AEE2-F89E571A7681}"
EndProject
Project("{9A19103F-16F7-4668-BE54-9A1E7A4F7556}") = "NswagDemo.Service", "NswagDemo.Service\NswagDemo.Service.csproj", "{10243AA7-DE93-4262-97C0-34F0FB3C65AA}"
EndProject
Project("{9A19103F-16F7-4668-BE54-9A1E7A4F7556}") = "NswagDemo.Models", "NswagDemo.Models\NswagDemo.Models.csproj", "{28D4E099-5969-49F7-9BCC-946CBF93734C}"
EndProject
Global
	GlobalSection(SolutionConfigurationPlatforms) = preSolution
		Debug|Any CPU = Debug|Any CPU
		Release|Any CPU = Release|Any CPU
	EndGlobalSection
	GlobalSection(ProjectConfigurationPlatforms) = postSolution
		{231A6F47-ECE7-47F7-9206-0F7A7D61954A}.Debug|Any CPU.ActiveCfg = Debug|Any CPU
		{231A6F47-ECE7-47F7-9206-0F7A7D61954A}.Debug|Any CPU.Build.0 = Debug|Any CPU
		{231A6F47-ECE7-47F7-9206-0F7A7D61954A}.Release|Any CPU.ActiveCfg = Release|Any CPU
		{231A6F47-ECE7-47F7-9206-0F7A7D61954A}.Release|Any CPU.Build.0 = Release|Any CPU
		{230BDBF4-CA16-4292-AA48-18BEA7216A0B}.Debug|Any CPU.ActiveCfg = Debug|Any CPU
		{230BDBF4-CA16-4292-AA48-18BEA7216A0B}.Debug|Any CPU.Build.0 = Debug|Any CPU
		{230BDBF4-CA16-4292-AA48-18BEA7216A0B}.Release|Any CPU.ActiveCfg = Release|Any CPU
		{230BDBF4-CA16-4292-AA48-18BEA7216A0B}.Release|Any CPU.Build.0 = Release|Any CPU
		{7DC93C56-2E56-4E35-AEE2-F89E571A7681}.Debug|Any CPU.ActiveCfg = Debug|Any CPU
		{7DC93C56-2E56-4E35-AEE2-F89E571A7681}.Debug|Any CPU.Build.0 = Debug|Any CPU
		{7DC93C56-2E56-4E35-AEE2-F89E571A7681}.Release|Any CPU.ActiveCfg = Release|Any CPU
		{7DC93C56-2E56-4E35-AEE2-F89E571A7681}.Release|Any CPU.Build.0 = Release|Any CPU
		{10243AA7-DE93-4262-97C0-34F0FB3C65AA}.Debug|Any CPU.ActiveCfg = Debug|Any CPU
		{10243AA7-DE93-4262-97C0-34F0FB3C65AA}.Debug|Any CPU.Build.0 = Debug|Any CPU
		{10243AA7-DE93-4262-97C0-34F0FB3C65AA}.Release|Any CPU.ActiveCfg = Release|Any CPU
		{10243AA7-DE93-4262-97C0-34F0FB3C65AA}.Release|Any CPU.Build.0 = Release|Any CPU
		{28D4E099-5969-49F7-9BCC-946CBF93734C}.Debug|Any CPU.ActiveCfg = Debug|Any CPU
		{28D4E099-5969-49F7-9BCC-946CBF93734C}.Debug|Any CPU.Build.0 = Debug|Any CPU
		{28D4E099-5969-49F7-9BCC-946CBF93734C}.Release|Any CPU.ActiveCfg = Release|Any CPU
		{28D4E099-5969-49F7-9BCC-946CBF93734C}.Release|Any CPU.Build.0 = Release|Any CPU
	EndGlobalSection
	GlobalSection(SolutionProperties) = preSolution
		HideSolutionNode = FALSE
	EndGlobalSection
	GlobalSection(ExtensibilityGlobals) = postSolution
		SolutionGuid = {66C7369B-146A-4864-82F4-D5A06D4A6AA1}
	EndGlobalSection
EndGlobal
